
Microsoft Visual Studio Solution File, Format Version 12.00
# Visual Studio Version 17
VisualStudioVersion = 17.0.31611.283
MinimumVisualStudioVersion = 10.0.40219.1
Project("{9A19103F-16F7-4668-BE54-9A1E7A4F7556}") = "NumeroDaSorte", "AppNumeroDaSorte\NumeroDaSorte.csproj", "{A056C5BD-9016-4687-8F79-C9DE5D1E8B70}"
EndProject
Project("{2150E333-8FDC-42A3-9474-1A3956D46DE8}") = "AppNumeroDaSorte", "AppNumeroDaSorte", "{E6E74A98-05E3-4151-95C3-2965DED4A0D2}"
EndProject
Project("{2150E333-8FDC-42A3-9474-1A3956D46DE8}") = "TiposDeTelas", "TiposDeTelas", "{E67D7A18-03E8-4F49-9790-14BA9D2FF098}"
EndProject
Project("{FAE04EC0-301F-11D3-BF4B-00C04F79EFBC}") = "AppContentPage", "AppContentPage\AppContentPage.csproj", "{C8EDFA94-B0DD-4BD8-95C3-53AFE7F5A42F}"
EndProject
Project("{FAE04EC0-301F-11D3-BF4B-00C04F79EFBC}") = "AppNavigationPage", "AppNavigationPage\AppNavigationPage.csproj", "{13E7A827-A217-4FCA-9AF5-32E111F5D859}"
EndProject
Project("{FAE04EC0-301F-11D3-BF4B-00C04F79EFBC}") = "AppFlyOutPage", "AppFlyOutPage\AppFlyOutPage.csproj", "{FD23A72E-40FA-45FA-A659-478FE9CC70C5}"
EndProject
Project("{9A19103F-16F7-4668-BE54-9A1E7A4F7556}") = "AppTabbedPage", "AppTabbedPage\AppTabbedPage.csproj", "{63FFF8FC-BD8D-4399-8A97-10EFF544F782}"
EndProject
Project("{2150E333-8FDC-42A3-9474-1A3956D46DE8}") = "AppMAUIGallery", "AppMAUIGallery", "{5DA50A80-F33E-4674-AB43-CA3573AFB188}"
EndProject
Project("{FAE04EC0-301F-11D3-BF4B-00C04F79EFBC}") = "MAUIGallery", "MAUIGallery\MAUIGallery.csproj", "{7BF31ECA-012F-4C03-9339-05621BA5F4AE}"
EndProject
Global
	GlobalSection(SolutionConfigurationPlatforms) = preSolution
		Debug|Any CPU = Debug|Any CPU
		Release|Any CPU = Release|Any CPU
	EndGlobalSection
	GlobalSection(ProjectConfigurationPlatforms) = postSolution
		{A056C5BD-9016-4687-8F79-C9DE5D1E8B70}.Debug|Any CPU.ActiveCfg = Debug|Any CPU
		{A056C5BD-9016-4687-8F79-C9DE5D1E8B70}.Debug|Any CPU.Build.0 = Debug|Any CPU
		{A056C5BD-9016-4687-8F79-C9DE5D1E8B70}.Debug|Any CPU.Deploy.0 = Debug|Any CPU
		{A056C5BD-9016-4687-8F79-C9DE5D1E8B70}.Release|Any CPU.ActiveCfg = Release|Any CPU
		{A056C5BD-9016-4687-8F79-C9DE5D1E8B70}.Release|Any CPU.Build.0 = Release|Any CPU
		{A056C5BD-9016-4687-8F79-C9DE5D1E8B70}.Release|Any CPU.Deploy.0 = Release|Any CPU
		{C8EDFA94-B0DD-4BD8-95C3-53AFE7F5A42F}.Debug|Any CPU.ActiveCfg = Debug|Any CPU
		{C8EDFA94-B0DD-4BD8-95C3-53AFE7F5A42F}.Debug|Any CPU.Build.0 = Debug|Any CPU
		{C8EDFA94-B0DD-4BD8-95C3-53AFE7F5A42F}.Debug|Any CPU.Deploy.0 = Debug|Any CPU
		{C8EDFA94-B0DD-4BD8-95C3-53AFE7F5A42F}.Release|Any CPU.ActiveCfg = Release|Any CPU
		{C8EDFA94-B0DD-4BD8-95C3-53AFE7F5A42F}.Release|Any CPU.Build.0 = Release|Any CPU
		{C8EDFA94-B0DD-4BD8-95C3-53AFE7F5A42F}.Release|Any CPU.Deploy.0 = Release|Any CPU
		{13E7A827-A217-4FCA-9AF5-32E111F5D859}.Debug|Any CPU.ActiveCfg = Debug|Any CPU
		{13E7A827-A217-4FCA-9AF5-32E111F5D859}.Debug|Any CPU.Build.0 = Debug|Any CPU
		{13E7A827-A217-4FCA-9AF5-32E111F5D859}.Debug|Any CPU.Deploy.0 = Debug|Any CPU
		{13E7A827-A217-4FCA-9AF5-32E111F5D859}.Release|Any CPU.ActiveCfg = Release|Any CPU
		{13E7A827-A217-4FCA-9AF5-32E111F5D859}.Release|Any CPU.Build.0 = Release|Any CPU
		{13E7A827-A217-4FCA-9AF5-32E111F5D859}.Release|Any CPU.Deploy.0 = Release|Any CPU
		{FD23A72E-40FA-45FA-A659-478FE9CC70C5}.Debug|Any CPU.ActiveCfg = Debug|Any CPU
		{FD23A72E-40FA-45FA-A659-478FE9CC70C5}.Debug|Any CPU.Build.0 = Debug|Any CPU
		{FD23A72E-40FA-45FA-A659-478FE9CC70C5}.Debug|Any CPU.Deploy.0 = Debug|Any CPU
		{FD23A72E-40FA-45FA-A659-478FE9CC70C5}.Release|Any CPU.ActiveCfg = Release|Any CPU
		{FD23A72E-40FA-45FA-A659-478FE9CC70C5}.Release|Any CPU.Build.0 = Release|Any CPU
		{FD23A72E-40FA-45FA-A659-478FE9CC70C5}.Release|Any CPU.Deploy.0 = Release|Any CPU
		{63FFF8FC-BD8D-4399-8A97-10EFF544F782}.Debug|Any CPU.ActiveCfg = Debug|Any CPU
		{63FFF8FC-BD8D-4399-8A97-10EFF544F782}.Debug|Any CPU.Build.0 = Debug|Any CPU
		{63FFF8FC-BD8D-4399-8A97-10EFF544F782}.Debug|Any CPU.Deploy.0 = Debug|Any CPU
		{63FFF8FC-BD8D-4399-8A97-10EFF544F782}.Release|Any CPU.ActiveCfg = Release|Any CPU
		{63FFF8FC-BD8D-4399-8A97-10EFF544F782}.Release|Any CPU.Build.0 = Release|Any CPU
		{63FFF8FC-BD8D-4399-8A97-10EFF544F782}.Release|Any CPU.Deploy.0 = Release|Any CPU
		{7BF31ECA-012F-4C03-9339-05621BA5F4AE}.Debug|Any CPU.ActiveCfg = Debug|Any CPU
		{7BF31ECA-012F-4C03-9339-05621BA5F4AE}.Debug|Any CPU.Build.0 = Debug|Any CPU
		{7BF31ECA-012F-4C03-9339-05621BA5F4AE}.Debug|Any CPU.Deploy.0 = Debug|Any CPU
		{7BF31ECA-012F-4C03-9339-05621BA5F4AE}.Release|Any CPU.ActiveCfg = Release|Any CPU
		{7BF31ECA-012F-4C03-9339-05621BA5F4AE}.Release|Any CPU.Build.0 = Release|Any CPU
		{7BF31ECA-012F-4C03-9339-05621BA5F4AE}.Release|Any CPU.Deploy.0 = Release|Any CPU
	EndGlobalSection
	GlobalSection(SolutionProperties) = preSolution
		HideSolutionNode = FALSE
	EndGlobalSection
	GlobalSection(NestedProjects) = preSolution
		{A056C5BD-9016-4687-8F79-C9DE5D1E8B70} = {E6E74A98-05E3-4151-95C3-2965DED4A0D2}
		{C8EDFA94-B0DD-4BD8-95C3-53AFE7F5A42F} = {E67D7A18-03E8-4F49-9790-14BA9D2FF098}
		{13E7A827-A217-4FCA-9AF5-32E111F5D859} = {E67D7A18-03E8-4F49-9790-14BA9D2FF098}
		{FD23A72E-40FA-45FA-A659-478FE9CC70C5} = {E67D7A18-03E8-4F49-9790-14BA9D2FF098}
		{63FFF8FC-BD8D-4399-8A97-10EFF544F782} = {E67D7A18-03E8-4F49-9790-14BA9D2FF098}
		{7BF31ECA-012F-4C03-9339-05621BA5F4AE} = {5DA50A80-F33E-4674-AB43-CA3573AFB188}
	EndGlobalSection
	GlobalSection(ExtensibilityGlobals) = postSolution
		SolutionGuid = {61F7FB11-1E47-470C-91E2-47F8143E1572}
	EndGlobalSection
EndGlobal
